
Microsoft Visual Studio Solution File, Format Version 12.00
# Visual Studio Version 17
VisualStudioVersion = 17.4.33213.308
MinimumVisualStudioVersion = 10.0.40219.1
Project("{2150E333-8FDC-42A3-9474-1A3956D46DE8}") = "Behavioral", "Behavioral", "{0B92A082-CD4A-47AF-AD4F-2DFC513C3C03}"
EndProject
Project("{2150E333-8FDC-42A3-9474-1A3956D46DE8}") = "Structural", "Structural", "{497FF1CB-0EB5-4B87-8AC0-5766C1160523}"
EndProject
Project("{2150E333-8FDC-42A3-9474-1A3956D46DE8}") = "Strategy", "Strategy", "{221CCF84-868B-4D89-A43E-CDEF337CEFA4}"
        ProjectSection(SolutionItems) = preProject
                Behavioral\Strategy\README.md = Behavioral\Strategy\README.md
                Behavioral\Strategy\Strategy with SOLID using D.I..jpg = Behavioral\Strategy\Strategy with SOLID using D.I..jpg
        EndProjectSection
EndProject
Project("{2150E333-8FDC-42A3-9474-1A3956D46DE8}") = "Mediator", "Mediator", "{45A66CEB-291F-44C5-8B7A-E29DA1C7E640}"
        ProjectSection(SolutionItems) = preProject
                Behavioral\Mediator\README.md = Behavioral\Mediator\README.md
        EndProjectSection
EndProject
Project("{2150E333-8FDC-42A3-9474-1A3956D46DE8}") = "Decorator", "Decorator", "{1E4B682F-B658-4A2E-8F10-0A45E6BD7797}"
        ProjectSection(SolutionItems) = preProject
                Structural\Decorator\README.md = Structural\Decorator\README.md
        EndProjectSection
EndProject
Project("{FAE04EC0-301F-11D3-BF4B-00C04F79EFBC}") = "Payment.API", "Behavioral\Strategy\Payment.API\Payment.API.csproj", "{F4DA5B3C-DC2B-42A3-89AD-01655DD17E60}"
EndProject
Project("{FAE04EC0-301F-11D3-BF4B-00C04F79EFBC}") = "Decorator", "Structural\Decorator\Decorator.csproj", "{0B4EBF3E-1448-43F7-A543-F85ABDF061EA}"
EndProject
Project("{FAE04EC0-301F-11D3-BF4B-00C04F79EFBC}") = "Mediator", "Behavioral\Mediator\Mediator.csproj", "{AB1CCFF7-8C8A-44CD-AAA0-83CC248BDBAB}"
EndProject
Global
	GlobalSection(SolutionConfigurationPlatforms) = preSolution
		Debug|Any CPU = Debug|Any CPU
		Release|Any CPU = Release|Any CPU
	EndGlobalSection
	GlobalSection(ProjectConfigurationPlatforms) = postSolution
		{F4DA5B3C-DC2B-42A3-89AD-01655DD17E60}.Debug|Any CPU.ActiveCfg = Debug|Any CPU
		{F4DA5B3C-DC2B-42A3-89AD-01655DD17E60}.Debug|Any CPU.Build.0 = Debug|Any CPU
		{F4DA5B3C-DC2B-42A3-89AD-01655DD17E60}.Release|Any CPU.ActiveCfg = Release|Any CPU
		{F4DA5B3C-DC2B-42A3-89AD-01655DD17E60}.Release|Any CPU.Build.0 = Release|Any CPU
	EndGlobalSection
	GlobalSection(SolutionProperties) = preSolution
		HideSolutionNode = FALSE
	EndGlobalSection
        GlobalSection(NestedProjects) = preSolution
                {221CCF84-868B-4D89-A43E-CDEF337CEFA4} = {0B92A082-CD4A-47AF-AD4F-2DFC513C3C03}
                {F4DA5B3C-DC2B-42A3-89AD-01655DD17E60} = {221CCF84-868B-4D89-A43E-CDEF337CEFA4}
                {45A66CEB-291F-44C5-8B7A-E29DA1C7E640} = {0B92A082-CD4A-47AF-AD4F-2DFC513C3C03}
                {AB1CCFF7-8C8A-44CD-AAA0-83CC248BDBAB} = {45A66CEB-291F-44C5-8B7A-E29DA1C7E640}
                {1E4B682F-B658-4A2E-8F10-0A45E6BD7797} = {497FF1CB-0EB5-4B87-8AC0-5766C1160523}
                {0B4EBF3E-1448-43F7-A543-F85ABDF061EA} = {1E4B682F-B658-4A2E-8F10-0A45E6BD7797}
        EndGlobalSection
	GlobalSection(ExtensibilityGlobals) = postSolution
		SolutionGuid = {E50B9FA1-1C2C-4777-A4E7-C586E2BAFBA0}
	EndGlobalSection
EndGlobal
